
Microsoft Visual Studio Solution File, Format Version 12.00
# Visual Studio Version 17
VisualStudioVersion = 17.10.35122.118
MinimumVisualStudioVersion = 10.0.40219.1
Project("{2150E333-8FDC-42A3-9474-1A3956D46DE8}") = "Services", "Services", "{5C8D9985-0D13-42C5-BCD4-8D4FC8574A8E}"
EndProject
Project("{2150E333-8FDC-42A3-9474-1A3956D46DE8}") = "Catalog", "Catalog", "{C7829C68-2C1F-4EF6-856D-AFC1642E6F59}"
EndProject
Project("{9A19103F-16F7-4668-BE54-9A1E7A4F7556}") = "Catalog.API", "Services\Catalog\Catalog.API\Catalog.API.csproj", "{C487F37C-1376-46D9-85C0-0197608293E3}"
EndProject
Project("{2150E333-8FDC-42A3-9474-1A3956D46DE8}") = "BuildingBlocks", "BuildingBlocks", "{5E289B67-9F5E-452E-9CBE-725EF134876F}"
EndProject
Project("{9A19103F-16F7-4668-BE54-9A1E7A4F7556}") = "BuildingBlocks", "BuildingBlocks\BuildingBlocks\BuildingBlocks.csproj", "{F736EDEF-EB63-47AA-BB1E-0E2FF0E7E33C}"
EndProject
Project("{E53339B2-1760-4266-BCC7-CA923CBCF16C}") = "docker-compose", "docker-compose.dcproj", "{DD1756DA-5ADE-4C96-B5BA-19CFA8CC6614}"
EndProject
Project("{2150E333-8FDC-42A3-9474-1A3956D46DE8}") = "Basket", "Basket", "{F5594FF0-6CCE-445D-B8B9-57FF78B67B81}"
EndProject
Project("{9A19103F-16F7-4668-BE54-9A1E7A4F7556}") = "Basket.API", "Services\Basket\Basket.API\Basket.API.csproj", "{B3A0E326-D801-4F52-B0E5-6C547B7CA07E}"
EndProject
Project("{2150E333-8FDC-42A3-9474-1A3956D46DE8}") = "Discount", "Discount", "{4EE5832F-ECF0-49C4-A26C-4C8D83E413BD}"
EndProject
Project("{9A19103F-16F7-4668-BE54-9A1E7A4F7556}") = "Discount.Grpc", "Services\Discount\Discount.Grpc\Discount.Grpc.csproj", "{3050EF39-E30F-43CB-9CDB-D07B9E8D0D69}"
EndProject
Project("{2150E333-8FDC-42A3-9474-1A3956D46DE8}") = "Ordering", "Ordering", "{FF0DFBF1-A94D-4665-91FF-CD5AADB42B66}"
EndProject
Project("{9A19103F-16F7-4668-BE54-9A1E7A4F7556}") = "Ordering.API", "Services\Ordering\Ordering.API\Ordering.API.csproj", "{07188549-7AF3-4A81-8FB0-CDA06B48F194}"
EndProject
Project("{9A19103F-16F7-4668-BE54-9A1E7A4F7556}") = "Ordering.Domain", "Services\Ordering\Ordering.Domain\Ordering.Domain.csproj", "{7CC0A2AD-108E-4231-A132-FB05DD1CBE08}"
EndProject
Project("{9A19103F-16F7-4668-BE54-9A1E7A4F7556}") = "Ordering.Application", "Services\Ordering\Ordering.Application\Ordering.Application.csproj", "{D222CCC8-CF3A-47EF-8481-F66B3E7AF514}"
EndProject
Project("{9A19103F-16F7-4668-BE54-9A1E7A4F7556}") = "Ordering.Infrastructure", "Services\Ordering\Ordering.Infrastructure\Ordering.Infrastructure.csproj", "{BFADF220-6B6A-4B6D-8378-B592540014C8}"
EndProject
Project("{9A19103F-16F7-4668-BE54-9A1E7A4F7556}") = "BuildingBlocks.Messaging", "BuildingBlocks\BuildingBlocks.Messaging\BuildingBlocks.Messaging.csproj", "{BB5F06E5-0222-4687-9335-87B5B4EE94A1}"
EndProject
Project("{2150E333-8FDC-42A3-9474-1A3956D46DE8}") = "Gateways", "Gateways", "{81975C46-DA53-4CCA-9B0F-46CC28D8521B}"
EndProject
Project("{FAE04EC0-301F-11D3-BF4B-00C04F79EFBC}") = "YarpApiGateway", "Gateways\YarpApiGateway\YarpApiGateway.csproj", "{F8D10882-BB39-48C5-8136-E82D077A0D85}"
EndProject
Global
	GlobalSection(SolutionConfigurationPlatforms) = preSolution
		Debug|Any CPU = Debug|Any CPU
		Release|Any CPU = Release|Any CPU
	EndGlobalSection
	GlobalSection(ProjectConfigurationPlatforms) = postSolution
		{C487F37C-1376-46D9-85C0-0197608293E3}.Debug|Any CPU.ActiveCfg = Debug|Any CPU
		{C487F37C-1376-46D9-85C0-0197608293E3}.Debug|Any CPU.Build.0 = Debug|Any CPU
		{C487F37C-1376-46D9-85C0-0197608293E3}.Release|Any CPU.ActiveCfg = Release|Any CPU
		{C487F37C-1376-46D9-85C0-0197608293E3}.Release|Any CPU.Build.0 = Release|Any CPU
		{F736EDEF-EB63-47AA-BB1E-0E2FF0E7E33C}.Debug|Any CPU.ActiveCfg = Debug|Any CPU
		{F736EDEF-EB63-47AA-BB1E-0E2FF0E7E33C}.Debug|Any CPU.Build.0 = Debug|Any CPU
		{F736EDEF-EB63-47AA-BB1E-0E2FF0E7E33C}.Release|Any CPU.ActiveCfg = Release|Any CPU
		{F736EDEF-EB63-47AA-BB1E-0E2FF0E7E33C}.Release|Any CPU.Build.0 = Release|Any CPU
		{DD1756DA-5ADE-4C96-B5BA-19CFA8CC6614}.Debug|Any CPU.ActiveCfg = Debug|Any CPU
		{DD1756DA-5ADE-4C96-B5BA-19CFA8CC6614}.Debug|Any CPU.Build.0 = Debug|Any CPU
		{DD1756DA-5ADE-4C96-B5BA-19CFA8CC6614}.Release|Any CPU.ActiveCfg = Release|Any CPU
		{DD1756DA-5ADE-4C96-B5BA-19CFA8CC6614}.Release|Any CPU.Build.0 = Release|Any CPU
		{B3A0E326-D801-4F52-B0E5-6C547B7CA07E}.Debug|Any CPU.ActiveCfg = Debug|Any CPU
		{B3A0E326-D801-4F52-B0E5-6C547B7CA07E}.Debug|Any CPU.Build.0 = Debug|Any CPU
		{B3A0E326-D801-4F52-B0E5-6C547B7CA07E}.Release|Any CPU.ActiveCfg = Release|Any CPU
		{B3A0E326-D801-4F52-B0E5-6C547B7CA07E}.Release|Any CPU.Build.0 = Release|Any CPU
		{3050EF39-E30F-43CB-9CDB-D07B9E8D0D69}.Debug|Any CPU.ActiveCfg = Debug|Any CPU
		{3050EF39-E30F-43CB-9CDB-D07B9E8D0D69}.Debug|Any CPU.Build.0 = Debug|Any CPU
		{3050EF39-E30F-43CB-9CDB-D07B9E8D0D69}.Release|Any CPU.ActiveCfg = Release|Any CPU
		{3050EF39-E30F-43CB-9CDB-D07B9E8D0D69}.Release|Any CPU.Build.0 = Release|Any CPU
		{07188549-7AF3-4A81-8FB0-CDA06B48F194}.Debug|Any CPU.ActiveCfg = Debug|Any CPU
		{07188549-7AF3-4A81-8FB0-CDA06B48F194}.Debug|Any CPU.Build.0 = Debug|Any CPU
		{07188549-7AF3-4A81-8FB0-CDA06B48F194}.Release|Any CPU.ActiveCfg = Release|Any CPU
		{07188549-7AF3-4A81-8FB0-CDA06B48F194}.Release|Any CPU.Build.0 = Release|Any CPU
		{7CC0A2AD-108E-4231-A132-FB05DD1CBE08}.Debug|Any CPU.ActiveCfg = Debug|Any CPU
		{7CC0A2AD-108E-4231-A132-FB05DD1CBE08}.Debug|Any CPU.Build.0 = Debug|Any CPU
		{7CC0A2AD-108E-4231-A132-FB05DD1CBE08}.Release|Any CPU.ActiveCfg = Release|Any CPU
		{7CC0A2AD-108E-4231-A132-FB05DD1CBE08}.Release|Any CPU.Build.0 = Release|Any CPU
		{D222CCC8-CF3A-47EF-8481-F66B3E7AF514}.Debug|Any CPU.ActiveCfg = Debug|Any CPU
		{D222CCC8-CF3A-47EF-8481-F66B3E7AF514}.Debug|Any CPU.Build.0 = Debug|Any CPU
		{D222CCC8-CF3A-47EF-8481-F66B3E7AF514}.Release|Any CPU.ActiveCfg = Release|Any CPU
		{D222CCC8-CF3A-47EF-8481-F66B3E7AF514}.Release|Any CPU.Build.0 = Release|Any CPU
		{BFADF220-6B6A-4B6D-8378-B592540014C8}.Debug|Any CPU.ActiveCfg = Debug|Any CPU
		{BFADF220-6B6A-4B6D-8378-B592540014C8}.Debug|Any CPU.Build.0 = Debug|Any CPU
		{BFADF220-6B6A-4B6D-8378-B592540014C8}.Release|Any CPU.ActiveCfg = Release|Any CPU
		{BFADF220-6B6A-4B6D-8378-B592540014C8}.Release|Any CPU.Build.0 = Release|Any CPU
		{BB5F06E5-0222-4687-9335-87B5B4EE94A1}.Debug|Any CPU.ActiveCfg = Debug|Any CPU
		{BB5F06E5-0222-4687-9335-87B5B4EE94A1}.Debug|Any CPU.Build.0 = Debug|Any CPU
		{BB5F06E5-0222-4687-9335-87B5B4EE94A1}.Release|Any CPU.ActiveCfg = Release|Any CPU
		{BB5F06E5-0222-4687-9335-87B5B4EE94A1}.Release|Any CPU.Build.0 = Release|Any CPU
		{F8D10882-BB39-48C5-8136-E82D077A0D85}.Debug|Any CPU.ActiveCfg = Debug|Any CPU
		{F8D10882-BB39-48C5-8136-E82D077A0D85}.Debug|Any CPU.Build.0 = Debug|Any CPU
		{F8D10882-BB39-48C5-8136-E82D077A0D85}.Release|Any CPU.ActiveCfg = Release|Any CPU
		{F8D10882-BB39-48C5-8136-E82D077A0D85}.Release|Any CPU.Build.0 = Release|Any CPU
	EndGlobalSection
	GlobalSection(SolutionProperties) = preSolution
		HideSolutionNode = FALSE
	EndGlobalSection
	GlobalSection(NestedProjects) = preSolution
		{C7829C68-2C1F-4EF6-856D-AFC1642E6F59} = {5C8D9985-0D13-42C5-BCD4-8D4FC8574A8E}
		{C487F37C-1376-46D9-85C0-0197608293E3} = {C7829C68-2C1F-4EF6-856D-AFC1642E6F59}
		{F736EDEF-EB63-47AA-BB1E-0E2FF0E7E33C} = {5E289B67-9F5E-452E-9CBE-725EF134876F}
		{F5594FF0-6CCE-445D-B8B9-57FF78B67B81} = {5C8D9985-0D13-42C5-BCD4-8D4FC8574A8E}
		{B3A0E326-D801-4F52-B0E5-6C547B7CA07E} = {F5594FF0-6CCE-445D-B8B9-57FF78B67B81}
		{4EE5832F-ECF0-49C4-A26C-4C8D83E413BD} = {5C8D9985-0D13-42C5-BCD4-8D4FC8574A8E}
		{3050EF39-E30F-43CB-9CDB-D07B9E8D0D69} = {4EE5832F-ECF0-49C4-A26C-4C8D83E413BD}
		{FF0DFBF1-A94D-4665-91FF-CD5AADB42B66} = {5C8D9985-0D13-42C5-BCD4-8D4FC8574A8E}
		{07188549-7AF3-4A81-8FB0-CDA06B48F194} = {FF0DFBF1-A94D-4665-91FF-CD5AADB42B66}
		{7CC0A2AD-108E-4231-A132-FB05DD1CBE08} = {FF0DFBF1-A94D-4665-91FF-CD5AADB42B66}
		{D222CCC8-CF3A-47EF-8481-F66B3E7AF514} = {FF0DFBF1-A94D-4665-91FF-CD5AADB42B66}
		{BFADF220-6B6A-4B6D-8378-B592540014C8} = {FF0DFBF1-A94D-4665-91FF-CD5AADB42B66}
		{BB5F06E5-0222-4687-9335-87B5B4EE94A1} = {5E289B67-9F5E-452E-9CBE-725EF134876F}
		{F8D10882-BB39-48C5-8136-E82D077A0D85} = {81975C46-DA53-4CCA-9B0F-46CC28D8521B}
	EndGlobalSection
	GlobalSection(ExtensibilityGlobals) = postSolution
		SolutionGuid = {5DA75CB4-A2E1-43AE-95E9-C3034FFCF1C1}
	EndGlobalSection
EndGlobal
